
Microsoft Visual Studio Solution File, Format Version 12.00
# Visual Studio Version 17
VisualStudioVersion = 17.0.31903.59
MinimumVisualStudioVersion = 10.0.40219.1
Project("{2150E333-8FDC-42A3-9474-1A3956D46DE8}") = "01.Logic", "01.Logic", "{D8031545-18EF-EAAD-8ABE-34691E463EBA}"
EndProject
Project("{FAE04EC0-301F-11D3-BF4B-00C04F79EFBC}") = "Domain", "01.Logic\Domain\Domain.csproj", "{425C92DE-8F19-4F81-9F25-8F4C896417D2}"
EndProject
Project("{FAE04EC0-301F-11D3-BF4B-00C04F79EFBC}") = "BusinessLogic", "01.Logic\BusinessLogic\BusinessLogic.csproj", "{1ABDC948-E8BE-4606-AECD-759CC5FA7943}"
EndProject
Project("{2150E333-8FDC-42A3-9474-1A3956D46DE8}") = "00.Persistence", "00.Persistence", "{E55017B6-97DD-B56D-5B86-4CCE8EB8DC97}"
EndProject
Project("{FAE04EC0-301F-11D3-BF4B-00C04F79EFBC}") = "Infrastructure", "00.Persistence\Infrastructure\Infrastructure.csproj", "{743C1AB2-D30E-4BE6-B0E3-24E4B9D9DA0E}"
EndProject
Project("{FAE04EC0-301F-11D3-BF4B-00C04F79EFBC}") = "Repository", "00.Persistence\Repository\Repository.csproj", "{53BA4D3C-82F4-49E0-A5B0-8A6CB603F286}"
EndProject
Project("{2150E333-8FDC-42A3-9474-1A3956D46DE8}") = "02.Service", "02.Service", "{7485F736-DC57-97B8-C2B2-4EA1DAC955C2}"
EndProject
Project("{FAE04EC0-301F-11D3-BF4B-00C04F79EFBC}") = "API", "02.Service\API\API.csproj", "{A652A0B6-AB46-43F2-93D5-870F135F3CA4}"
EndProject
Project("{2150E333-8FDC-42A3-9474-1A3956D46DE8}") = "03.Test", "03.Test", "{CDA8AE9F-1FE8-E463-807A-F799E8E69ED7}"
EndProject
Project("{FAE04EC0-301F-11D3-BF4B-00C04F79EFBC}") = "TaskPro.Tests", "03.Test\TaskPro.Tests\TaskPro.Tests.csproj", "{924DC905-A3E6-435F-81EA-DDCC2C7CABC3}"
EndProject
Global
	GlobalSection(SolutionConfigurationPlatforms) = preSolution
		Debug|Any CPU = Debug|Any CPU
		Debug|x64 = Debug|x64
		Debug|x86 = Debug|x86
		Release|Any CPU = Release|Any CPU
		Release|x64 = Release|x64
		Release|x86 = Release|x86
	EndGlobalSection
	GlobalSection(ProjectConfigurationPlatforms) = postSolution
		{425C92DE-8F19-4F81-9F25-8F4C896417D2}.Debug|Any CPU.ActiveCfg = Debug|Any CPU
		{425C92DE-8F19-4F81-9F25-8F4C896417D2}.Debug|Any CPU.Build.0 = Debug|Any CPU
		{425C92DE-8F19-4F81-9F25-8F4C896417D2}.Debug|x64.ActiveCfg = Debug|Any CPU
		{425C92DE-8F19-4F81-9F25-8F4C896417D2}.Debug|x64.Build.0 = Debug|Any CPU
		{425C92DE-8F19-4F81-9F25-8F4C896417D2}.Debug|x86.ActiveCfg = Debug|Any CPU
		{425C92DE-8F19-4F81-9F25-8F4C896417D2}.Debug|x86.Build.0 = Debug|Any CPU
		{425C92DE-8F19-4F81-9F25-8F4C896417D2}.Release|Any CPU.ActiveCfg = Release|Any CPU
		{425C92DE-8F19-4F81-9F25-8F4C896417D2}.Release|Any CPU.Build.0 = Release|Any CPU
		{425C92DE-8F19-4F81-9F25-8F4C896417D2}.Release|x64.ActiveCfg = Release|Any CPU
		{425C92DE-8F19-4F81-9F25-8F4C896417D2}.Release|x64.Build.0 = Release|Any CPU
		{425C92DE-8F19-4F81-9F25-8F4C896417D2}.Release|x86.ActiveCfg = Release|Any CPU
		{425C92DE-8F19-4F81-9F25-8F4C896417D2}.Release|x86.Build.0 = Release|Any CPU
		{1ABDC948-E8BE-4606-AECD-759CC5FA7943}.Debug|Any CPU.ActiveCfg = Debug|Any CPU
		{1ABDC948-E8BE-4606-AECD-759CC5FA7943}.Debug|Any CPU.Build.0 = Debug|Any CPU
		{1ABDC948-E8BE-4606-AECD-759CC5FA7943}.Debug|x64.ActiveCfg = Debug|Any CPU
		{1ABDC948-E8BE-4606-AECD-759CC5FA7943}.Debug|x64.Build.0 = Debug|Any CPU
		{1ABDC948-E8BE-4606-AECD-759CC5FA7943}.Debug|x86.ActiveCfg = Debug|Any CPU
		{1ABDC948-E8BE-4606-AECD-759CC5FA7943}.Debug|x86.Build.0 = Debug|Any CPU
		{1ABDC948-E8BE-4606-AECD-759CC5FA7943}.Release|Any CPU.ActiveCfg = Release|Any CPU
		{1ABDC948-E8BE-4606-AECD-759CC5FA7943}.Release|Any CPU.Build.0 = Release|Any CPU
		{1ABDC948-E8BE-4606-AECD-759CC5FA7943}.Release|x64.ActiveCfg = Release|Any CPU
		{1ABDC948-E8BE-4606-AECD-759CC5FA7943}.Release|x64.Build.0 = Release|Any CPU
		{1ABDC948-E8BE-4606-AECD-759CC5FA7943}.Release|x86.ActiveCfg = Release|Any CPU
		{1ABDC948-E8BE-4606-AECD-759CC5FA7943}.Release|x86.Build.0 = Release|Any CPU
		{743C1AB2-D30E-4BE6-B0E3-24E4B9D9DA0E}.Debug|Any CPU.ActiveCfg = Debug|Any CPU
		{743C1AB2-D30E-4BE6-B0E3-24E4B9D9DA0E}.Debug|Any CPU.Build.0 = Debug|Any CPU
		{743C1AB2-D30E-4BE6-B0E3-24E4B9D9DA0E}.Debug|x64.ActiveCfg = Debug|Any CPU
		{743C1AB2-D30E-4BE6-B0E3-24E4B9D9DA0E}.Debug|x64.Build.0 = Debug|Any CPU
		{743C1AB2-D30E-4BE6-B0E3-24E4B9D9DA0E}.Debug|x86.ActiveCfg = Debug|Any CPU
		{743C1AB2-D30E-4BE6-B0E3-24E4B9D9DA0E}.Debug|x86.Build.0 = Debug|Any CPU
		{743C1AB2-D30E-4BE6-B0E3-24E4B9D9DA0E}.Release|Any CPU.ActiveCfg = Release|Any CPU
		{743C1AB2-D30E-4BE6-B0E3-24E4B9D9DA0E}.Release|Any CPU.Build.0 = Release|Any CPU
		{743C1AB2-D30E-4BE6-B0E3-24E4B9D9DA0E}.Release|x64.ActiveCfg = Release|Any CPU
		{743C1AB2-D30E-4BE6-B0E3-24E4B9D9DA0E}.Release|x64.Build.0 = Release|Any CPU
		{743C1AB2-D30E-4BE6-B0E3-24E4B9D9DA0E}.Release|x86.ActiveCfg = Release|Any CPU
		{743C1AB2-D30E-4BE6-B0E3-24E4B9D9DA0E}.Release|x86.Build.0 = Release|Any CPU
		{53BA4D3C-82F4-49E0-A5B0-8A6CB603F286}.Debug|Any CPU.ActiveCfg = Debug|Any CPU
		{53BA4D3C-82F4-49E0-A5B0-8A6CB603F286}.Debug|Any CPU.Build.0 = Debug|Any CPU
		{53BA4D3C-82F4-49E0-A5B0-8A6CB603F286}.Debug|x64.ActiveCfg = Debug|Any CPU
		{53BA4D3C-82F4-49E0-A5B0-8A6CB603F286}.Debug|x64.Build.0 = Debug|Any CPU
		{53BA4D3C-82F4-49E0-A5B0-8A6CB603F286}.Debug|x86.ActiveCfg = Debug|Any CPU
		{53BA4D3C-82F4-49E0-A5B0-8A6CB603F286}.Debug|x86.Build.0 = Debug|Any CPU
		{53BA4D3C-82F4-49E0-A5B0-8A6CB603F286}.Release|Any CPU.ActiveCfg = Release|Any CPU
		{53BA4D3C-82F4-49E0-A5B0-8A6CB603F286}.Release|Any CPU.Build.0 = Release|Any CPU
		{53BA4D3C-82F4-49E0-A5B0-8A6CB603F286}.Release|x64.ActiveCfg = Release|Any CPU
		{53BA4D3C-82F4-49E0-A5B0-8A6CB603F286}.Release|x64.Build.0 = Release|Any CPU
		{53BA4D3C-82F4-49E0-A5B0-8A6CB603F286}.Release|x86.ActiveCfg = Release|Any CPU
		{53BA4D3C-82F4-49E0-A5B0-8A6CB603F286}.Release|x86.Build.0 = Release|Any CPU
		{A652A0B6-AB46-43F2-93D5-870F135F3CA4}.Debug|Any CPU.ActiveCfg = Debug|Any CPU
		{A652A0B6-AB46-43F2-93D5-870F135F3CA4}.Debug|Any CPU.Build.0 = Debug|Any CPU
		{A652A0B6-AB46-43F2-93D5-870F135F3CA4}.Debug|x64.ActiveCfg = Debug|Any CPU
		{A652A0B6-AB46-43F2-93D5-870F135F3CA4}.Debug|x64.Build.0 = Debug|Any CPU
		{A652A0B6-AB46-43F2-93D5-870F135F3CA4}.Debug|x86.ActiveCfg = Debug|Any CPU
		{A652A0B6-AB46-43F2-93D5-870F135F3CA4}.Debug|x86.Build.0 = Debug|Any CPU
		{A652A0B6-AB46-43F2-93D5-870F135F3CA4}.Release|Any CPU.ActiveCfg = Release|Any CPU
		{A652A0B6-AB46-43F2-93D5-870F135F3CA4}.Release|Any CPU.Build.0 = Release|Any CPU
		{A652A0B6-AB46-43F2-93D5-870F135F3CA4}.Release|x64.ActiveCfg = Release|Any CPU
		{A652A0B6-AB46-43F2-93D5-870F135F3CA4}.Release|x64.Build.0 = Release|Any CPU
		{A652A0B6-AB46-43F2-93D5-870F135F3CA4}.Release|x86.ActiveCfg = Release|Any CPU
		{A652A0B6-AB46-43F2-93D5-870F135F3CA4}.Release|x86.Build.0 = Release|Any CPU
		{924DC905-A3E6-435F-81EA-DDCC2C7CABC3}.Debug|Any CPU.ActiveCfg = Debug|Any CPU
		{924DC905-A3E6-435F-81EA-DDCC2C7CABC3}.Debug|Any CPU.Build.0 = Debug|Any CPU
		{924DC905-A3E6-435F-81EA-DDCC2C7CABC3}.Debug|x64.ActiveCfg = Debug|Any CPU
		{924DC905-A3E6-435F-81EA-DDCC2C7CABC3}.Debug|x64.Build.0 = Debug|Any CPU
		{924DC905-A3E6-435F-81EA-DDCC2C7CABC3}.Debug|x86.ActiveCfg = Debug|Any CPU
		{924DC905-A3E6-435F-81EA-DDCC2C7CABC3}.Debug|x86.Build.0 = Debug|Any CPU
		{924DC905-A3E6-435F-81EA-DDCC2C7CABC3}.Release|Any CPU.ActiveCfg = Release|Any CPU
		{924DC905-A3E6-435F-81EA-DDCC2C7CABC3}.Release|Any CPU.Build.0 = Release|Any CPU
		{924DC905-A3E6-435F-81EA-DDCC2C7CABC3}.Release|x64.ActiveCfg = Release|Any CPU
		{924DC905-A3E6-435F-81EA-DDCC2C7CABC3}.Release|x64.Build.0 = Release|Any CPU
		{924DC905-A3E6-435F-81EA-DDCC2C7CABC3}.Release|x86.ActiveCfg = Release|Any CPU
		{924DC905-A3E6-435F-81EA-DDCC2C7CABC3}.Release|x86.Build.0 = Release|Any CPU
	EndGlobalSection
	GlobalSection(SolutionProperties) = preSolution
		HideSolutionNode = FALSE
	EndGlobalSection
	GlobalSection(NestedProjects) = preSolution
		{425C92DE-8F19-4F81-9F25-8F4C896417D2} = {D8031545-18EF-EAAD-8ABE-34691E463EBA}
		{1ABDC948-E8BE-4606-AECD-759CC5FA7943} = {D8031545-18EF-EAAD-8ABE-34691E463EBA}
		{743C1AB2-D30E-4BE6-B0E3-24E4B9D9DA0E} = {E55017B6-97DD-B56D-5B86-4CCE8EB8DC97}
		{53BA4D3C-82F4-49E0-A5B0-8A6CB603F286} = {E55017B6-97DD-B56D-5B86-4CCE8EB8DC97}
		{A652A0B6-AB46-43F2-93D5-870F135F3CA4} = {7485F736-DC57-97B8-C2B2-4EA1DAC955C2}
		{924DC905-A3E6-435F-81EA-DDCC2C7CABC3} = {CDA8AE9F-1FE8-E463-807A-F799E8E69ED7}
	EndGlobalSection
EndGlobal
